
Microsoft Visual Studio Solution File, Format Version 12.00
# Visual Studio Version 17
VisualStudioVersion = 17.1.32421.90
MinimumVisualStudioVersion = 10.0.40219.1
Project("{FAE04EC0-301F-11D3-BF4B-00C04F79EFBC}") = "TextAdventure_Simple", "TextAdventure_Simple\TextAdventure_Simple.csproj", "{4D34FAC4-53EC-4C6A-B21D-42BCC72DC106}"
EndProject
Global
	GlobalSection(SolutionConfigurationPlatforms) = preSolution
		Debug|Any CPU = Debug|Any CPU
		Release|Any CPU = Release|Any CPU
	EndGlobalSection
	GlobalSection(ProjectConfigurationPlatforms) = postSolution
		{4D34FAC4-53EC-4C6A-B21D-42BCC72DC106}.Debug|Any CPU.ActiveCfg = Debug|Any CPU
		{4D34FAC4-53EC-4C6A-B21D-42BCC72DC106}.Debug|Any CPU.Build.0 = Debug|Any CPU
		{4D34FAC4-53EC-4C6A-B21D-42BCC72DC106}.Release|Any CPU.ActiveCfg = Release|Any CPU
		{4D34FAC4-53EC-4C6A-B21D-42BCC72DC106}.Release|Any CPU.Build.0 = Release|Any CPU
	EndGlobalSection
	GlobalSection(SolutionProperties) = preSolution
		HideSolutionNode = FALSE
	EndGlobalSection
	GlobalSection(ExtensibilityGlobals) = postSolution
		SolutionGuid = {83093588-16CE-41B4-99E5-45B13D3E7A3D}
	EndGlobalSection
EndGlobal
